// !$*UTF8*$!
{
	archiveVersion = 1;
	classes = {
	};
	objectVersion = 50;
	objects = {

/* Begin PBXBuildFile section */
		AC4DADAC235BEF830057ED48 /* AppDelegate.swift in Sources */ = {isa = PBXBuildFile; fileRef = AC4DADAB235BEF830057ED48 /* AppDelegate.swift */; };
		AC4DADAE235BEF830057ED48 /* SceneDelegate.swift in Sources */ = {isa = PBXBuildFile; fileRef = AC4DADAD235BEF830057ED48 /* SceneDelegate.swift */; };
		AC4DADB3235BEF830057ED48 /* Main.storyboard in Resources */ = {isa = PBXBuildFile; fileRef = AC4DADB1235BEF830057ED48 /* Main.storyboard */; };
		AC4DADB5235BEF850057ED48 /* Assets.xcassets in Resources */ = {isa = PBXBuildFile; fileRef = AC4DADB4235BEF850057ED48 /* Assets.xcassets */; };
		AC4DADB8235BEF850057ED48 /* LaunchScreen.storyboard in Resources */ = {isa = PBXBuildFile; fileRef = AC4DADB6235BEF850057ED48 /* LaunchScreen.storyboard */; };
		AC4DADC0235BF0590057ED48 /* Rarest Gemstones Info.rtfd in Resources */ = {isa = PBXBuildFile; fileRef = AC4DADBF235BF0590057ED48 /* Rarest Gemstones Info.rtfd */; };
		AC74B347235CDEE30037CDD5 /* RareGems.plist in Resources */ = {isa = PBXBuildFile; fileRef = AC74B346235CDEE30037CDD5 /* RareGems.plist */; };
		AC7B8290235CD9F800A40D81 /* CollectionViewController.swift in Sources */ = {isa = PBXBuildFile; fileRef = AC7B828F235CD9F800A40D81 /* CollectionViewController.swift */; };
		AC7B8292235CDA0A00A40D81 /* CollectionViewCell.swift in Sources */ = {isa = PBXBuildFile; fileRef = AC7B8291235CDA0A00A40D81 /* CollectionViewCell.swift */; };
		ACD73718235D511E003F17F4 /* DetailViewController.swift in Sources */ = {isa = PBXBuildFile; fileRef = ACD73717235D511E003F17F4 /* DetailViewController.swift */; };
/* End PBXBuildFile section */

/* Begin PBXFileReference section */
		AC4DADA8235BEF830057ED48 /* Rarest Gemstones.app */ = {isa = PBXFileReference; explicitFileType = wrapper.application; includeInIndex = 0; path = "Rarest Gemstones.app"; sourceTree = BUILT_PRODUCTS_DIR; };
		AC4DADAB235BEF830057ED48 /* AppDelegate.swift */ = {isa = PBXFileReference; lastKnownFileType = sourcecode.swift; path = AppDelegate.swift; sourceTree = "<group>"; };
		AC4DADAD235BEF830057ED48 /* SceneDelegate.swift */ = {isa = PBXFileReference; lastKnownFileType = sourcecode.swift; path = SceneDelegate.swift; sourceTree = "<group>"; };
		AC4DADB2235BEF830057ED48 /* Base */ = {isa = PBXFileReference; lastKnownFileType = file.storyboard; name = Base; path = Base.lproj/Main.storyboard; sourceTree = "<group>"; };
		AC4DADB4235BEF850057ED48 /* Assets.xcassets */ = {isa = PBXFileReference; lastKnownFileType = folder.assetcatalog; path = Assets.xcassets; sourceTree = "<group>"; };
		AC4DADB7235BEF850057ED48 /* Base */ = {isa = PBXFileReference; lastKnownFileType = file.storyboard; name = Base; path = Base.lproj/LaunchScreen.storyboard; sourceTree = "<group>"; };
		AC4DADB9235BEF850057ED48 /* Info.plist */ = {isa = PBXFileReference; lastKnownFileType = text.plist.xml; path = Info.plist; sourceTree = "<group>"; };
		AC4DADBF235BF0590057ED48 /* Rarest Gemstones Info.rtfd */ = {isa = PBXFileReference; lastKnownFileType = wrapper.rtfd; path = "Rarest Gemstones Info.rtfd"; sourceTree = "<group>"; };
		AC74B346235CDEE30037CDD5 /* RareGems.plist */ = {isa = PBXFileReference; lastKnownFileType = text.plist.xml; path = RareGems.plist; sourceTree = "<group>"; };
		AC7B828F235CD9F800A40D81 /* CollectionViewController.swift */ = {isa = PBXFileReference; lastKnownFileType = sourcecode.swift; path = CollectionViewController.swift; sourceTree = "<group>"; };
		AC7B8291235CDA0A00A40D81 /* CollectionViewCell.swift */ = {isa = PBXFileReference; lastKnownFileType = sourcecode.swift; path = CollectionViewCell.swift; sourceTree = "<group>"; };
		ACD73717235D511E003F17F4 /* DetailViewController.swift */ = {isa = PBXFileReference; lastKnownFileType = sourcecode.swift; path = DetailViewController.swift; sourceTree = "<group>"; };
/* End PBXFileReference section */

/* Begin PBXFrameworksBuildPhase section */
		AC4DADA5235BEF830057ED48 /* Frameworks */ = {
			isa = PBXFrameworksBuildPhase;
			buildActionMask = 2147483647;
			files = (
			);
			runOnlyForDeploymentPostprocessing = 0;
		};
/* End PBXFrameworksBuildPhase section */

/* Begin PBXGroup section */
		AC4DAD9F235BEF830057ED48 = {
			isa = PBXGroup;
			children = (
				AC4DADAA235BEF830057ED48 /* Rarest Gemstones */,
				AC4DADA9235BEF830057ED48 /* Products */,
			);
			sourceTree = "<group>";
		};
		AC4DADA9235BEF830057ED48 /* Products */ = {
			isa = PBXGroup;
			children = (
				AC4DADA8235BEF830057ED48 /* Rarest Gemstones.app */,
			);
			name = Products;
			sourceTree = "<group>";
		};
		AC4DADAA235BEF830057ED48 /* Rarest Gemstones */ = {
			isa = PBXGroup;
			children = (
				AC4DADAB235BEF830057ED48 /* AppDelegate.swift */,
				AC4DADAD235BEF830057ED48 /* SceneDelegate.swift */,
				AC7B828F235CD9F800A40D81 /* CollectionViewController.swift */,
				AC7B8291235CDA0A00A40D81 /* CollectionViewCell.swift */,
				ACD73717235D511E003F17F4 /* DetailViewController.swift */,
				AC4DADB1235BEF830057ED48 /* Main.storyboard */,
				AC4DADB4235BEF850057ED48 /* Assets.xcassets */,
				AC4DADB6235BEF850057ED48 /* LaunchScreen.storyboard */,
				AC4DADB9235BEF850057ED48 /* Info.plist */,
				AC74B346235CDEE30037CDD5 /* RareGems.plist */,
				AC4DADBF235BF0590057ED48 /* Rarest Gemstones Info.rtfd */,
			);
			path = "Rarest Gemstones";
			sourceTree = "<group>";
		};
/* End PBXGroup section */

/* Begin PBXNativeTarget section */
		AC4DADA7235BEF830057ED48 /* Rarest Gemstones */ = {
			isa = PBXNativeTarget;
			buildConfigurationList = AC4DADBC235BEF850057ED48 /* Build configuration list for PBXNativeTarget "Rarest Gemstones" */;
			buildPhases = (
				AC4DADA4235BEF830057ED48 /* Sources */,
				AC4DADA5235BEF830057ED48 /* Frameworks */,
				AC4DADA6235BEF830057ED48 /* Resources */,
			);
			buildRules = (
			);
			dependencies = (
			);
			name = "Rarest Gemstones";
			productName = "Rarest Gemstones";
			productReference = AC4DADA8235BEF830057ED48 /* Rarest Gemstones.app */;
			productType = "com.apple.product-type.application";
		};
/* End PBXNativeTarget section */

/* Begin PBXProject section */
		AC4DADA0235BEF830057ED48 /* Project object */ = {
			isa = PBXProject;
			attributes = {
				LastSwiftUpdateCheck = 1110;
				LastUpgradeCheck = 1110;
				ORGANIZATIONNAME = "Digital Mirko";
				TargetAttributes = {
					AC4DADA7235BEF830057ED48 = {
						CreatedOnToolsVersion = 11.1;
					};
				};
			};
			buildConfigurationList = AC4DADA3235BEF830057ED48 /* Build configuration list for PBXProject "Rarest Gemstones" */;
			compatibilityVersion = "Xcode 9.3";
			developmentRegion = en;
			hasScannedForEncodings = 0;
			knownRegions = (
				en,
				Base,
			);
			mainGroup = AC4DAD9F235BEF830057ED48;
			productRefGroup = AC4DADA9235BEF830057ED48 /* Products */;
			projectDirPath = "";
			projectRoot = "";
			targets = (
				AC4DADA7235BEF830057ED48 /* Rarest Gemstones */,
			);
		};
/* End PBXProject section */

/* Begin PBXResourcesBuildPhase section */
		AC4DADA6235BEF830057ED48 /* Resources */ = {
			isa = PBXResourcesBuildPhase;
			buildActionMask = 2147483647;
			files = (
				AC4DADB8235BEF850057ED48 /* LaunchScreen.storyboard in Resources */,
				AC4DADC0235BF0590057ED48 /* Rarest Gemstones Info.rtfd in Resources */,
				AC74B347235CDEE30037CDD5 /* RareGems.plist in Resources */,
				AC4DADB5235BEF850057ED48 /* Assets.xcassets in Resources */,
				AC4DADB3235BEF830057ED48 /* Main.storyboard in Resources */,
			);
			runOnlyForDeploymentPostprocessing = 0;
		};
/* End PBXResourcesBuildPhase section */

/* Begin PBXSourcesBuildPhase section */
		AC4DADA4235BEF830057ED48 /* Sources */ = {
			isa = PBXSourcesBuildPhase;
			buildActionMask = 2147483647;
			files = (
				AC7B8290235CD9F800A40D81 /* CollectionViewController.swift in Sources */,
				AC4DADAC235BEF830057ED48 /* AppDelegate.swift in Sources */,
				ACD73718235D511E003F17F4 /* DetailViewController.swift in Sources */,
				AC7B8292235CDA0A00A40D81 /* CollectionViewCell.swift in Sources */,
				AC4DADAE235BEF830057ED48 /* SceneDelegate.swift in Sources */,
			);
			runOnlyForDeploymentPostprocessing = 0;
		};
/* End PBXSourcesBuildPhase section */

/* Begin PBXVariantGroup section */
		AC4DADB1235BEF830057ED48 /* Main.storyboard */ = {
			isa = PBXVariantGroup;
			children = (
				AC4DADB2235BEF830057ED48 /* Base */,
			);
			name = Main.storyboard;
			sourceTree = "<group>";
		};
		AC4DADB6235BEF850057ED48 /* LaunchScreen.storyboard */ = {
			isa = PBXVariantGroup;
			children = (
				AC4DADB7235BEF850057ED48 /* Base */,
			);
			name = LaunchScreen.storyboard;
			sourceTree = "<group>";
		};
/* End PBXVariantGroup section */

/* Begin XCBuildConfiguration section */
		AC4DADBA235BEF850057ED48 /* Debug */ = {
			isa = XCBuildConfiguration;
			buildSettings = {
				ALWAYS_SEARCH_USER_PATHS = NO;
				CLANG_ANALYZER_NONNULL = YES;
				CLANG_ANALYZER_NUMBER_OBJECT_CONVERSION = YES_AGGRESSIVE;
				CLANG_CXX_LANGUAGE_STANDARD = "gnu++14";
				CLANG_CXX_LIBRARY = "libc++";
				CLANG_ENABLE_MODULES = YES;
				CLANG_ENABLE_OBJC_ARC = YES;
				CLANG_ENABLE_OBJC_WEAK = YES;
				CLANG_WARN_BLOCK_CAPTURE_AUTORELEASING = YES;
				CLANG_WARN_BOOL_CONVERSION = YES;
				CLANG_WARN_COMMA = YES;
				CLANG_WARN_CONSTANT_CONVERSION = YES;
				CLANG_WARN_DEPRECATED_OBJC_IMPLEMENTATIONS = YES;
				CLANG_WARN_DIRECT_OBJC_ISA_USAGE = YES_ERROR;
				CLANG_WARN_DOCUMENTATION_COMMENTS = YES;
				CLANG_WARN_EMPTY_BODY = YES;
				CLANG_WARN_ENUM_CONVERSION = YES;
				CLANG_WARN_INFINITE_RECURSION = YES;
				CLANG_WARN_INT_CONVERSION = YES;
				CLANG_WARN_NON_LITERAL_NULL_CONVERSION = YES;
				CLANG_WARN_OBJC_IMPLICIT_RETAIN_SELF = YES;
				CLANG_WARN_OBJC_LITERAL_CONVERSION = YES;
				CLANG_WARN_OBJC_ROOT_CLASS = YES_ERROR;
				CLANG_WARN_RANGE_LOOP_ANALYSIS = YES;
				CLANG_WARN_STRICT_PROTOTYPES = YES;
				CLANG_WARN_SUSPICIOUS_MOVE = YES;
				CLANG_WARN_UNGUARDED_AVAILABILITY = YES_AGGRESSIVE;
				CLANG_WARN_UNREACHABLE_CODE = YES;
				CLANG_WARN__DUPLICATE_METHOD_MATCH = YES;
				COPY_PHASE_STRIP = NO;
				DEBUG_INFORMATION_FORMAT = dwarf;
				ENABLE_STRICT_OBJC_MSGSEND = YES;
				ENABLE_TESTABILITY = YES;
				GCC_C_LANGUAGE_STANDARD = gnu11;
				GCC_DYNAMIC_NO_PIC = NO;
				GCC_NO_COMMON_BLOCKS = YES;
				GCC_OPTIMIZATION_LEVEL = 0;
				GCC_PREPROCESSOR_DEFINITIONS = (
					"DEBUG=1",
					"$(inherited)",
				);
				GCC_WARN_64_TO_32_BIT_CONVERSION = YES;
				GCC_WARN_ABOUT_RETURN_TYPE = YES_ERROR;
				GCC_WARN_UNDECLARED_SELECTOR = YES;
				GCC_WARN_UNINITIALIZED_AUTOS = YES_AGGRESSIVE;
				GCC_WARN_UNUSED_FUNCTION = YES;
				GCC_WARN_UNUSED_VARIABLE = YES;
				IPHONEOS_DEPLOYMENT_TARGET = 13.1;
				MTL_ENABLE_DEBUG_INFO = INCLUDE_SOURCE;
				MTL_FAST_MATH = YES;
				ONLY_ACTIVE_ARCH = YES;
				SDKROOT = iphoneos;
				SWIFT_ACTIVE_COMPILATION_CONDITIONS = DEBUG;
				SWIFT_OPTIMIZATION_LEVEL = "-Onone";
			};
			name = Debug;
		};
		AC4DADBB235BEF850057ED48 /* Release */ = {
			isa = XCBuildConfiguration;
			buildSettings = {
				ALWAYS_SEARCH_USER_PATHS = NO;
				CLANG_ANALYZER_NONNULL = YES;
				CLANG_ANALYZER_NUMBER_OBJECT_CONVERSION = YES_AGGRESSIVE;
				CLANG_CXX_LANGUAGE_STANDARD = "gnu++14";
				CLANG_CXX_LIBRARY = "libc++";
				CLANG_ENABLE_MODULES = YES;
				CLANG_ENABLE_OBJC_ARC = YES;
				CLANG_ENABLE_OBJC_WEAK = YES;
				CLANG_WARN_BLOCK_CAPTURE_AUTORELEASING = YES;
				CLANG_WARN_BOOL_CONVERSION = YES;
				CLANG_WARN_COMMA = YES;
				CLANG_WARN_CONSTANT_CONVERSION = YES;
				CLANG_WARN_DEPRECATED_OBJC_IMPLEMENTATIONS = YES;
				CLANG_WARN_DIRECT_OBJC_ISA_USAGE = YES_ERROR;
				CLANG_WARN_DOCUMENTATION_COMMENTS = YES;
				CLANG_WARN_EMPTY_BODY = YES;
				CLANG_WARN_ENUM_CONVERSION = YES;
				CLANG_WARN_INFINITE_RECURSION = YES;
				CLANG_WARN_INT_CONVERSION = YES;
				CLANG_WARN_NON_LITERAL_NULL_CONVERSION = YES;
				CLANG_WARN_OBJC_IMPLICIT_RETAIN_SELF = YES;
				CLANG_WARN_OBJC_LITERAL_CONVERSION = YES;
				CLANG_WARN_OBJC_ROOT_CLASS = YES_ERROR;
				CLANG_WARN_RANGE_LOOP_ANALYSIS = YES;
				CLANG_WARN_STRICT_PROTOTYPES = YES;
				CLANG_WARN_SUSPICIOUS_MOVE = YES;
				CLANG_WARN_UNGUARDED_AVAILABILITY = YES_AGGRESSIVE;
				CLANG_WARN_UNREACHABLE_CODE = YES;
				CLANG_WARN__DUPLICATE_METHOD_MATCH = YES;
				COPY_PHASE_STRIP = NO;
				DEBUG_INFORMATION_FORMAT = "dwarf-with-dsym";
				ENABLE_NS_ASSERTIONS = NO;
				ENABLE_STRICT_OBJC_MSGSEND = YES;
				GCC_C_LANGUAGE_STANDARD = gnu11;
				GCC_NO_COMMON_BLOCKS = YES;
				GCC_WARN_64_TO_32_BIT_CONVERSION = YES;
				GCC_WARN_ABOUT_RETURN_TYPE = YES_ERROR;
				GCC_WARN_UNDECLARED_SELECTOR = YES;
				GCC_WARN_UNINITIALIZED_AUTOS = YES_AGGRESSIVE;
				GCC_WARN_UNUSED_FUNCTION = YES;
				GCC_WARN_UNUSED_VARIABLE = YES;
				IPHONEOS_DEPLOYMENT_TARGET = 13.1;
				MTL_ENABLE_DEBUG_INFO = NO;
				MTL_FAST_MATH = YES;
				SDKROOT = iphoneos;
				SWIFT_COMPILATION_MODE = wholemodule;
				SWIFT_OPTIMIZATION_LEVEL = "-O";
				VALIDATE_PRODUCT = YES;
			};
			name = Release;
		};
		AC4DADBD235BEF850057ED48 /* Debug */ = {
			isa = XCBuildConfiguration;
			buildSettings = {
				ASSETCATALOG_COMPILER_APPICON_NAME = AppIcon;
				CODE_SIGN_STYLE = Automatic;
				DEVELOPMENT_TEAM = EQNJ9FG9YA;
				INFOPLIST_FILE = "Rarest Gemstones/Info.plist";
				LD_RUNPATH_SEARCH_PATHS = (
					"$(inherited)",
					"@executable_path/Frameworks",
				);
				PRODUCT_BUNDLE_IDENTIFIER = "com.digitalmirko.Rarest-Gemstones";
				PRODUCT_NAME = "$(TARGET_NAME)";
				SWIFT_VERSION = 5.0;
				TARGETED_DEVICE_FAMILY = "1,2";
			};
			name = Debug;
		};
		AC4DADBE235BEF850057ED48 /* Release */ = {
			isa = XCBuildConfiguration;
			buildSettings = {
				ASSETCATALOG_COMPILER_APPICON_NAME = AppIcon;
				CODE_SIGN_STYLE = Automatic;
				DEVELOPMENT_TEAM = EQNJ9FG9YA;
				INFOPLIST_FILE = "Rarest Gemstones/Info.plist";
				LD_RUNPATH_SEARCH_PATHS = (
					"$(inherited)",
					"@executable_path/Frameworks",
				);
				PRODUCT_BUNDLE_IDENTIFIER = "com.digitalmirko.Rarest-Gemstones";
				PRODUCT_NAME = "$(TARGET_NAME)";
				SWIFT_VERSION = 5.0;
				TARGETED_DEVICE_FAMILY = "1,2";
			};
			name = Release;
		};
/* End XCBuildConfiguration section */

/* Begin XCConfigurationList section */
		AC4DADA3235BEF830057ED48 /* Build configuration list for PBXProject "Rarest Gemstones" */ = {
			isa = XCConfigurationList;
			buildConfigurations = (
				AC4DADBA235BEF850057ED48 /* Debug */,
				AC4DADBB235BEF850057ED48 /* Release */,
			);
			defaultConfigurationIsVisible = 0;
			defaultConfigurationName = Release;
		};
		AC4DADBC235BEF850057ED48 /* Build configuration list for PBXNativeTarget "Rarest Gemstones" */ = {
			isa = XCConfigurationList;
			buildConfigurations = (
				AC4DADBD235BEF850057ED48 /* Debug */,
				AC4DADBE235BEF850057ED48 /* Release */,
			);
			defaultConfigurationIsVisible = 0;
			defaultConfigurationName = Release;
		};
/* End XCConfigurationList section */
	};
	rootObject = AC4DADA0235BEF830057ED48 /* Project object */;
}
